// !$*UTF8*$!
{
	archiveVersion = 1;
	classes = {
	};
	objectVersion = 56;
	objects = {

/* Begin PBXBuildFile section */
		5876B18829E2DD8500F3481D /* KaffeePOS_iOSApp.swift in Sources */ = {isa = PBXBuildFile; fileRef = 5876B18729E2DD8500F3481D /* KaffeePOS_iOSApp.swift */; };
		5876B18A29E2DD8500F3481D /* ContentView.swift in Sources */ = {isa = PBXBuildFile; fileRef = 5876B18929E2DD8500F3481D /* ContentView.swift */; };
		5876B18C29E2DD8500F3481D /* Assets.xcassets in Resources */ = {isa = PBXBuildFile; fileRef = 5876B18B29E2DD8500F3481D /* Assets.xcassets */; };
		5876B18F29E2DD8500F3481D /* Preview Assets.xcassets in Resources */ = {isa = PBXBuildFile; fileRef = 5876B18E29E2DD8500F3481D /* Preview Assets.xcassets */; };
		5876B19129E2DD8500F3481D /* Persistence.swift in Sources */ = {isa = PBXBuildFile; fileRef = 5876B19029E2DD8500F3481D /* Persistence.swift */; };
		5876B19429E2DD8500F3481D /* KaffeePOS_iOS.xcdatamodeld in Sources */ = {isa = PBXBuildFile; fileRef = 5876B19229E2DD8500F3481D /* KaffeePOS_iOS.xcdatamodeld */; };
		5876B19E29E2DD8600F3481D /* KaffeePOS_iOSTests.swift in Sources */ = {isa = PBXBuildFile; fileRef = 5876B19D29E2DD8600F3481D /* KaffeePOS_iOSTests.swift */; };
		5876B1A829E2DD8600F3481D /* KaffeePOS_iOSUITests.swift in Sources */ = {isa = PBXBuildFile; fileRef = 5876B1A729E2DD8600F3481D /* KaffeePOS_iOSUITests.swift */; };
		5876B1AA29E2DD8600F3481D /* KaffeePOS_iOSUITestsLaunchTests.swift in Sources */ = {isa = PBXBuildFile; fileRef = 5876B1A929E2DD8600F3481D /* KaffeePOS_iOSUITestsLaunchTests.swift */; };
/* End PBXBuildFile section */

/* Begin PBXContainerItemProxy section */
		5876B19A29E2DD8600F3481D /* PBXContainerItemProxy */ = {
			isa = PBXContainerItemProxy;
			containerPortal = 5876B17C29E2DD8500F3481D /* Project object */;
			proxyType = 1;
			remoteGlobalIDString = 5876B18329E2DD8500F3481D;
			remoteInfo = "KaffeePOS-iOS";
		};
		5876B1A429E2DD8600F3481D /* PBXContainerItemProxy */ = {
			isa = PBXContainerItemProxy;
			containerPortal = 5876B17C29E2DD8500F3481D /* Project object */;
			proxyType = 1;
			remoteGlobalIDString = 5876B18329E2DD8500F3481D;
			remoteInfo = "KaffeePOS-iOS";
		};
/* End PBXContainerItemProxy section */

/* Begin PBXFileReference section */
		5876B18429E2DD8500F3481D /* KaffeePOS-iOS.app */ = {isa = PBXFileReference; explicitFileType = wrapper.application; includeInIndex = 0; path = "KaffeePOS-iOS.app"; sourceTree = BUILT_PRODUCTS_DIR; };
		5876B18729E2DD8500F3481D /* KaffeePOS_iOSApp.swift */ = {isa = PBXFileReference; lastKnownFileType = sourcecode.swift; path = KaffeePOS_iOSApp.swift; sourceTree = "<group>"; };
		5876B18929E2DD8500F3481D /* ContentView.swift */ = {isa = PBXFileReference; lastKnownFileType = sourcecode.swift; path = ContentView.swift; sourceTree = "<group>"; };
		5876B18B29E2DD8500F3481D /* Assets.xcassets */ = {isa = PBXFileReference; lastKnownFileType = folder.assetcatalog; path = Assets.xcassets; sourceTree = "<group>"; };
		5876B18E29E2DD8500F3481D /* Preview Assets.xcassets */ = {isa = PBXFileReference; lastKnownFileType = folder.assetcatalog; path = "Preview Assets.xcassets"; sourceTree = "<group>"; };
		5876B19029E2DD8500F3481D /* Persistence.swift */ = {isa = PBXFileReference; lastKnownFileType = sourcecode.swift; path = Persistence.swift; sourceTree = "<group>"; };
		5876B19329E2DD8500F3481D /* KaffeePOS_iOS.xcdatamodel */ = {isa = PBXFileReference; lastKnownFileType = wrapper.xcdatamodel; path = KaffeePOS_iOS.xcdatamodel; sourceTree = "<group>"; };
		5876B19929E2DD8600F3481D /* KaffeePOS-iOSTests.xctest */ = {isa = PBXFileReference; explicitFileType = wrapper.cfbundle; includeInIndex = 0; path = "KaffeePOS-iOSTests.xctest"; sourceTree = BUILT_PRODUCTS_DIR; };
		5876B19D29E2DD8600F3481D /* KaffeePOS_iOSTests.swift */ = {isa = PBXFileReference; lastKnownFileType = sourcecode.swift; path = KaffeePOS_iOSTests.swift; sourceTree = "<group>"; };
		5876B1A329E2DD8600F3481D /* KaffeePOS-iOSUITests.xctest */ = {isa = PBXFileReference; explicitFileType = wrapper.cfbundle; includeInIndex = 0; path = "KaffeePOS-iOSUITests.xctest"; sourceTree = BUILT_PRODUCTS_DIR; };
		5876B1A729E2DD8600F3481D /* KaffeePOS_iOSUITests.swift */ = {isa = PBXFileReference; lastKnownFileType = sourcecode.swift; path = KaffeePOS_iOSUITests.swift; sourceTree = "<group>"; };
		5876B1A929E2DD8600F3481D /* KaffeePOS_iOSUITestsLaunchTests.swift */ = {isa = PBXFileReference; lastKnownFileType = sourcecode.swift; path = KaffeePOS_iOSUITestsLaunchTests.swift; sourceTree = "<group>"; };
/* End PBXFileReference section */

/* Begin PBXFrameworksBuildPhase section */
		5876B18129E2DD8500F3481D /* Frameworks */ = {
			isa = PBXFrameworksBuildPhase;
			buildActionMask = 2147483647;
			files = (
			);
			runOnlyForDeploymentPostprocessing = 0;
		};
		5876B19629E2DD8600F3481D /* Frameworks */ = {
			isa = PBXFrameworksBuildPhase;
			buildActionMask = 2147483647;
			files = (
			);
			runOnlyForDeploymentPostprocessing = 0;
		};
		5876B1A029E2DD8600F3481D /* Frameworks */ = {
			isa = PBXFrameworksBuildPhase;
			buildActionMask = 2147483647;
			files = (
			);
			runOnlyForDeploymentPostprocessing = 0;
		};
/* End PBXFrameworksBuildPhase section */

/* Begin PBXGroup section */
		5876B17B29E2DD8500F3481D = {
			isa = PBXGroup;
			children = (
				5876B18629E2DD8500F3481D /* KaffeePOS-iOS */,
				5876B19C29E2DD8600F3481D /* KaffeePOS-iOSTests */,
				5876B1A629E2DD8600F3481D /* KaffeePOS-iOSUITests */,
				5876B18529E2DD8500F3481D /* Products */,
			);
			sourceTree = "<group>";
		};
		5876B18529E2DD8500F3481D /* Products */ = {
			isa = PBXGroup;
			children = (
				5876B18429E2DD8500F3481D /* KaffeePOS-iOS.app */,
				5876B19929E2DD8600F3481D /* KaffeePOS-iOSTests.xctest */,
				5876B1A329E2DD8600F3481D /* KaffeePOS-iOSUITests.xctest */,
			);
			name = Products;
			sourceTree = "<group>";
		};
		5876B18629E2DD8500F3481D /* KaffeePOS-iOS */ = {
			isa = PBXGroup;
			children = (
				5876B18729E2DD8500F3481D /* KaffeePOS_iOSApp.swift */,
				5876B18929E2DD8500F3481D /* ContentView.swift */,
				5876B18B29E2DD8500F3481D /* Assets.xcassets */,
				5876B19029E2DD8500F3481D /* Persistence.swift */,
				5876B19229E2DD8500F3481D /* KaffeePOS_iOS.xcdatamodeld */,
				5876B18D29E2DD8500F3481D /* Preview Content */,
			);
			path = "KaffeePOS-iOS";
			sourceTree = "<group>";
		};
		5876B18D29E2DD8500F3481D /* Preview Content */ = {
			isa = PBXGroup;
			children = (
				5876B18E29E2DD8500F3481D /* Preview Assets.xcassets */,
			);
			path = "Preview Content";
			sourceTree = "<group>";
		};
		5876B19C29E2DD8600F3481D /* KaffeePOS-iOSTests */ = {
			isa = PBXGroup;
			children = (
				5876B19D29E2DD8600F3481D /* KaffeePOS_iOSTests.swift */,
			);
			path = "KaffeePOS-iOSTests";
			sourceTree = "<group>";
		};
		5876B1A629E2DD8600F3481D /* KaffeePOS-iOSUITests */ = {
			isa = PBXGroup;
			children = (
				5876B1A729E2DD8600F3481D /* KaffeePOS_iOSUITests.swift */,
				5876B1A929E2DD8600F3481D /* KaffeePOS_iOSUITestsLaunchTests.swift */,
			);
			path = "KaffeePOS-iOSUITests";
			sourceTree = "<group>";
		};
/* End PBXGroup section */

/* Begin PBXNativeTarget section */
		5876B18329E2DD8500F3481D /* KaffeePOS-iOS */ = {
			isa = PBXNativeTarget;
			buildConfigurationList = 5876B1AD29E2DD8600F3481D /* Build configuration list for PBXNativeTarget "KaffeePOS-iOS" */;
			buildPhases = (
				5876B18029E2DD8500F3481D /* Sources */,
				5876B18129E2DD8500F3481D /* Frameworks */,
				5876B18229E2DD8500F3481D /* Resources */,
			);
			buildRules = (
			);
			dependencies = (
			);
			name = "KaffeePOS-iOS";
			productName = "KaffeePOS-iOS";
			productReference = 5876B18429E2DD8500F3481D /* KaffeePOS-iOS.app */;
			productType = "com.apple.product-type.application";
		};
		5876B19829E2DD8600F3481D /* KaffeePOS-iOSTests */ = {
			isa = PBXNativeTarget;
			buildConfigurationList = 5876B1B029E2DD8600F3481D /* Build configuration list for PBXNativeTarget "KaffeePOS-iOSTests" */;
			buildPhases = (
				5876B19529E2DD8600F3481D /* Sources */,
				5876B19629E2DD8600F3481D /* Frameworks */,
				5876B19729E2DD8600F3481D /* Resources */,
			);
			buildRules = (
			);
			dependencies = (
				5876B19B29E2DD8600F3481D /* PBXTargetDependency */,
			);
			name = "KaffeePOS-iOSTests";
			productName = "KaffeePOS-iOSTests";
			productReference = 5876B19929E2DD8600F3481D /* KaffeePOS-iOSTests.xctest */;
			productType = "com.apple.product-type.bundle.unit-test";
		};
		5876B1A229E2DD8600F3481D /* KaffeePOS-iOSUITests */ = {
			isa = PBXNativeTarget;
			buildConfigurationList = 5876B1B329E2DD8600F3481D /* Build configuration list for PBXNativeTarget "KaffeePOS-iOSUITests" */;
			buildPhases = (
				5876B19F29E2DD8600F3481D /* Sources */,
				5876B1A029E2DD8600F3481D /* Frameworks */,
				5876B1A129E2DD8600F3481D /* Resources */,
			);
			buildRules = (
			);
			dependencies = (
				5876B1A529E2DD8600F3481D /* PBXTargetDependency */,
			);
			name = "KaffeePOS-iOSUITests";
			productName = "KaffeePOS-iOSUITests";
			productReference = 5876B1A329E2DD8600F3481D /* KaffeePOS-iOSUITests.xctest */;
			productType = "com.apple.product-type.bundle.ui-testing";
		};
/* End PBXNativeTarget section */

/* Begin PBXProject section */
		5876B17C29E2DD8500F3481D /* Project object */ = {
			isa = PBXProject;
			attributes = {
				BuildIndependentTargetsInParallel = 1;
				LastSwiftUpdateCheck = 1430;
				LastUpgradeCheck = 1430;
				TargetAttributes = {
					5876B18329E2DD8500F3481D = {
						CreatedOnToolsVersion = 14.3;
					};
					5876B19829E2DD8600F3481D = {
						CreatedOnToolsVersion = 14.3;
						TestTargetID = 5876B18329E2DD8500F3481D;
					};
					5876B1A229E2DD8600F3481D = {
						CreatedOnToolsVersion = 14.3;
						TestTargetID = 5876B18329E2DD8500F3481D;
					};
				};
			};
			buildConfigurationList = 5876B17F29E2DD8500F3481D /* Build configuration list for PBXProject "KaffeePOS-iOS" */;
			compatibilityVersion = "Xcode 14.0";
			developmentRegion = en;
			hasScannedForEncodings = 0;
			knownRegions = (
				en,
				Base,
			);
			mainGroup = 5876B17B29E2DD8500F3481D;
			productRefGroup = 5876B18529E2DD8500F3481D /* Products */;
			projectDirPath = "";
			projectRoot = "";
			targets = (
				5876B18329E2DD8500F3481D /* KaffeePOS-iOS */,
				5876B19829E2DD8600F3481D /* KaffeePOS-iOSTests */,
				5876B1A229E2DD8600F3481D /* KaffeePOS-iOSUITests */,
			);
		};
/* End PBXProject section */

/* Begin PBXResourcesBuildPhase section */
		5876B18229E2DD8500F3481D /* Resources */ = {
			isa = PBXResourcesBuildPhase;
			buildActionMask = 2147483647;
			files = (
				5876B18F29E2DD8500F3481D /* Preview Assets.xcassets in Resources */,
				5876B18C29E2DD8500F3481D /* Assets.xcassets in Resources */,
			);
			runOnlyForDeploymentPostprocessing = 0;
		};
		5876B19729E2DD8600F3481D /* Resources */ = {
			isa = PBXResourcesBuildPhase;
			buildActionMask = 2147483647;
			files = (
			);
			runOnlyForDeploymentPostprocessing = 0;
		};
		5876B1A129E2DD8600F3481D /* Resources */ = {
			isa = PBXResourcesBuildPhase;
			buildActionMask = 2147483647;
			files = (
			);
			runOnlyForDeploymentPostprocessing = 0;
		};
/* End PBXResourcesBuildPhase section */

/* Begin PBXSourcesBuildPhase section */
		5876B18029E2DD8500F3481D /* Sources */ = {
			isa = PBXSourcesBuildPhase;
			buildActionMask = 2147483647;
			files = (
				5876B19429E2DD8500F3481D /* KaffeePOS_iOS.xcdatamodeld in Sources */,
				5876B19129E2DD8500F3481D /* Persistence.swift in Sources */,
				5876B18A29E2DD8500F3481D /* ContentView.swift in Sources */,
				5876B18829E2DD8500F3481D /* KaffeePOS_iOSApp.swift in Sources */,
			);
			runOnlyForDeploymentPostprocessing = 0;
		};
		5876B19529E2DD8600F3481D /* Sources */ = {
			isa = PBXSourcesBuildPhase;
			buildActionMask = 2147483647;
			files = (
				5876B19E29E2DD8600F3481D /* KaffeePOS_iOSTests.swift in Sources */,
			);
			runOnlyForDeploymentPostprocessing = 0;
		};
		5876B19F29E2DD8600F3481D /* Sources */ = {
			isa = PBXSourcesBuildPhase;
			buildActionMask = 2147483647;
			files = (
				5876B1A829E2DD8600F3481D /* KaffeePOS_iOSUITests.swift in Sources */,
				5876B1AA29E2DD8600F3481D /* KaffeePOS_iOSUITestsLaunchTests.swift in Sources */,
			);
			runOnlyForDeploymentPostprocessing = 0;
		};
/* End PBXSourcesBuildPhase section */

/* Begin PBXTargetDependency section */
		5876B19B29E2DD8600F3481D /* PBXTargetDependency */ = {
			isa = PBXTargetDependency;
			target = 5876B18329E2DD8500F3481D /* KaffeePOS-iOS */;
			targetProxy = 5876B19A29E2DD8600F3481D /* PBXContainerItemProxy */;
		};
		5876B1A529E2DD8600F3481D /* PBXTargetDependency */ = {
			isa = PBXTargetDependency;
			target = 5876B18329E2DD8500F3481D /* KaffeePOS-iOS */;
			targetProxy = 5876B1A429E2DD8600F3481D /* PBXContainerItemProxy */;
		};
/* End PBXTargetDependency section */

/* Begin XCBuildConfiguration section */
		5876B1AB29E2DD8600F3481D /* Debug */ = {
			isa = XCBuildConfiguration;
			buildSettings = {
				ALWAYS_SEARCH_USER_PATHS = NO;
				CLANG_ANALYZER_NONNULL = YES;
				CLANG_ANALYZER_NUMBER_OBJECT_CONVERSION = YES_AGGRESSIVE;
				CLANG_CXX_LANGUAGE_STANDARD = "gnu++20";
				CLANG_ENABLE_MODULES = YES;
				CLANG_ENABLE_OBJC_ARC = YES;
				CLANG_ENABLE_OBJC_WEAK = YES;
				CLANG_WARN_BLOCK_CAPTURE_AUTORELEASING = YES;
				CLANG_WARN_BOOL_CONVERSION = YES;
				CLANG_WARN_COMMA = YES;
				CLANG_WARN_CONSTANT_CONVERSION = YES;
				CLANG_WARN_DEPRECATED_OBJC_IMPLEMENTATIONS = YES;
				CLANG_WARN_DIRECT_OBJC_ISA_USAGE = YES_ERROR;
				CLANG_WARN_DOCUMENTATION_COMMENTS = YES;
				CLANG_WARN_EMPTY_BODY = YES;
				CLANG_WARN_ENUM_CONVERSION = YES;
				CLANG_WARN_INFINITE_RECURSION = YES;
				CLANG_WARN_INT_CONVERSION = YES;
				CLANG_WARN_NON_LITERAL_NULL_CONVERSION = YES;
				CLANG_WARN_OBJC_IMPLICIT_RETAIN_SELF = YES;
				CLANG_WARN_OBJC_LITERAL_CONVERSION = YES;
				CLANG_WARN_OBJC_ROOT_CLASS = YES_ERROR;
				CLANG_WARN_QUOTED_INCLUDE_IN_FRAMEWORK_HEADER = YES;
				CLANG_WARN_RANGE_LOOP_ANALYSIS = YES;
				CLANG_WARN_STRICT_PROTOTYPES = YES;
				CLANG_WARN_SUSPICIOUS_MOVE = YES;
				CLANG_WARN_UNGUARDED_AVAILABILITY = YES_AGGRESSIVE;
				CLANG_WARN_UNREACHABLE_CODE = YES;
				CLANG_WARN__DUPLICATE_METHOD_MATCH = YES;
				COPY_PHASE_STRIP = NO;
				DEBUG_INFORMATION_FORMAT = dwarf;
				ENABLE_STRICT_OBJC_MSGSEND = YES;
				ENABLE_TESTABILITY = YES;
				GCC_C_LANGUAGE_STANDARD = gnu11;
				GCC_DYNAMIC_NO_PIC = NO;
				GCC_NO_COMMON_BLOCKS = YES;
				GCC_OPTIMIZATION_LEVEL = 0;
				GCC_PREPROCESSOR_DEFINITIONS = (
					"DEBUG=1",
					"$(inherited)",
				);
				GCC_WARN_64_TO_32_BIT_CONVERSION = YES;
				GCC_WARN_ABOUT_RETURN_TYPE = YES_ERROR;
				GCC_WARN_UNDECLARED_SELECTOR = YES;
				GCC_WARN_UNINITIALIZED_AUTOS = YES_AGGRESSIVE;
				GCC_WARN_UNUSED_FUNCTION = YES;
				GCC_WARN_UNUSED_VARIABLE = YES;
				IPHONEOS_DEPLOYMENT_TARGET = 16.4;
				MTL_ENABLE_DEBUG_INFO = INCLUDE_SOURCE;
				MTL_FAST_MATH = YES;
				ONLY_ACTIVE_ARCH = YES;
				SDKROOT = iphoneos;
				SWIFT_ACTIVE_COMPILATION_CONDITIONS = DEBUG;
				SWIFT_OPTIMIZATION_LEVEL = "-Onone";
			};
			name = Debug;
		};
		5876B1AC29E2DD8600F3481D /* Release */ = {
			isa = XCBuildConfiguration;
			buildSettings = {
				ALWAYS_SEARCH_USER_PATHS = NO;
				CLANG_ANALYZER_NONNULL = YES;
				CLANG_ANALYZER_NUMBER_OBJECT_CONVERSION = YES_AGGRESSIVE;
				CLANG_CXX_LANGUAGE_STANDARD = "gnu++20";
				CLANG_ENABLE_MODULES = YES;
				CLANG_ENABLE_OBJC_ARC = YES;
				CLANG_ENABLE_OBJC_WEAK = YES;
				CLANG_WARN_BLOCK_CAPTURE_AUTORELEASING = YES;
				CLANG_WARN_BOOL_CONVERSION = YES;
				CLANG_WARN_COMMA = YES;
				CLANG_WARN_CONSTANT_CONVERSION = YES;
				CLANG_WARN_DEPRECATED_OBJC_IMPLEMENTATIONS = YES;
				CLANG_WARN_DIRECT_OBJC_ISA_USAGE = YES_ERROR;
				CLANG_WARN_DOCUMENTATION_COMMENTS = YES;
				CLANG_WARN_EMPTY_BODY = YES;
				CLANG_WARN_ENUM_CONVERSION = YES;
				CLANG_WARN_INFINITE_RECURSION = YES;
				CLANG_WARN_INT_CONVERSION = YES;
				CLANG_WARN_NON_LITERAL_NULL_CONVERSION = YES;
				CLANG_WARN_OBJC_IMPLICIT_RETAIN_SELF = YES;
				CLANG_WARN_OBJC_LITERAL_CONVERSION = YES;
				CLANG_WARN_OBJC_ROOT_CLASS = YES_ERROR;
				CLANG_WARN_QUOTED_INCLUDE_IN_FRAMEWORK_HEADER = YES;
				CLANG_WARN_RANGE_LOOP_ANALYSIS = YES;
				CLANG_WARN_STRICT_PROTOTYPES = YES;
				CLANG_WARN_SUSPICIOUS_MOVE = YES;
				CLANG_WARN_UNGUARDED_AVAILABILITY = YES_AGGRESSIVE;
				CLANG_WARN_UNREACHABLE_CODE = YES;
				CLANG_WARN__DUPLICATE_METHOD_MATCH = YES;
				COPY_PHASE_STRIP = NO;
				DEBUG_INFORMATION_FORMAT = "dwarf-with-dsym";
				ENABLE_NS_ASSERTIONS = NO;
				ENABLE_STRICT_OBJC_MSGSEND = YES;
				GCC_C_LANGUAGE_STANDARD = gnu11;
				GCC_NO_COMMON_BLOCKS = YES;
				GCC_WARN_64_TO_32_BIT_CONVERSION = YES;
				GCC_WARN_ABOUT_RETURN_TYPE = YES_ERROR;
				GCC_WARN_UNDECLARED_SELECTOR = YES;
				GCC_WARN_UNINITIALIZED_AUTOS = YES_AGGRESSIVE;
				GCC_WARN_UNUSED_FUNCTION = YES;
				GCC_WARN_UNUSED_VARIABLE = YES;
				IPHONEOS_DEPLOYMENT_TARGET = 16.4;
				MTL_ENABLE_DEBUG_INFO = NO;
				MTL_FAST_MATH = YES;
				SDKROOT = iphoneos;
				SWIFT_COMPILATION_MODE = wholemodule;
				SWIFT_OPTIMIZATION_LEVEL = "-O";
				VALIDATE_PRODUCT = YES;
			};
			name = Release;
		};
		5876B1AE29E2DD8600F3481D /* Debug */ = {
			isa = XCBuildConfiguration;
			buildSettings = {
				ASSETCATALOG_COMPILER_APPICON_NAME = AppIcon;
				ASSETCATALOG_COMPILER_GLOBAL_ACCENT_COLOR_NAME = AccentColor;
				CODE_SIGN_STYLE = Automatic;
				CURRENT_PROJECT_VERSION = 1;
				DEVELOPMENT_ASSET_PATHS = "\"KaffeePOS-iOS/Preview Content\"";
				DEVELOPMENT_TEAM = J829HHBMPW;
				ENABLE_PREVIEWS = YES;
				GENERATE_INFOPLIST_FILE = YES;
				INFOPLIST_KEY_CFBundleDisplayName = KaffeePOS;
				INFOPLIST_KEY_LSApplicationCategoryType = "public.app-category.utilities";
				INFOPLIST_KEY_UIApplicationSceneManifest_Generation = YES;
				INFOPLIST_KEY_UIApplicationSupportsIndirectInputEvents = YES;
				INFOPLIST_KEY_UILaunchScreen_Generation = YES;
				INFOPLIST_KEY_UIRequiresFullScreen = YES;
				INFOPLIST_KEY_UISupportedInterfaceOrientations = "UIInterfaceOrientationLandscapeLeft UIInterfaceOrientationLandscapeRight UIInterfaceOrientationPortrait";
				INFOPLIST_KEY_UISupportedInterfaceOrientations_iPad = "UIInterfaceOrientationLandscapeLeft UIInterfaceOrientationLandscapeRight";
				LD_RUNPATH_SEARCH_PATHS = (
					"$(inherited)",
					"@executable_path/Frameworks",
				);
				MARKETING_VERSION = 1.0;
				PRODUCT_BUNDLE_IDENTIFIER = "de.kaffeepos.KaffeePOS-iOS";
				PRODUCT_NAME = "$(TARGET_NAME)";
				SUPPORTED_PLATFORMS = "iphoneos iphonesimulator";
				SUPPORTS_MACCATALYST = NO;
				SUPPORTS_MAC_DESIGNED_FOR_IPHONE_IPAD = YES;
				SWIFT_EMIT_LOC_STRINGS = YES;
				SWIFT_VERSION = 5.0;
				TARGETED_DEVICE_FAMILY = 2;
			};
			name = Debug;
		};
		5876B1AF29E2DD8600F3481D /* Release */ = {
			isa = XCBuildConfiguration;
			buildSettings = {
				ASSETCATALOG_COMPILER_APPICON_NAME = AppIcon;
				ASSETCATALOG_COMPILER_GLOBAL_ACCENT_COLOR_NAME = AccentColor;
				CODE_SIGN_STYLE = Automatic;
				CURRENT_PROJECT_VERSION = 1;
				DEVELOPMENT_ASSET_PATHS = "\"KaffeePOS-iOS/Preview Content\"";
				DEVELOPMENT_TEAM = J829HHBMPW;
				ENABLE_PREVIEWS = YES;
				GENERATE_INFOPLIST_FILE = YES;
				INFOPLIST_KEY_CFBundleDisplayName = KaffeePOS;
				INFOPLIST_KEY_LSApplicationCategoryType = "public.app-category.utilities";
				INFOPLIST_KEY_UIApplicationSceneManifest_Generation = YES;
				INFOPLIST_KEY_UIApplicationSupportsIndirectInputEvents = YES;
				INFOPLIST_KEY_UILaunchScreen_Generation = YES;
				INFOPLIST_KEY_UIRequiresFullScreen = YES;
				INFOPLIST_KEY_UISupportedInterfaceOrientations = "UIInterfaceOrientationLandscapeLeft UIInterfaceOrientationLandscapeRight UIInterfaceOrientationPortrait";
				INFOPLIST_KEY_UISupportedInterfaceOrientations_iPad = "UIInterfaceOrientationLandscapeLeft UIInterfaceOrientationLandscapeRight";
				LD_RUNPATH_SEARCH_PATHS = (
					"$(inherited)",
					"@executable_path/Frameworks",
				);
				MARKETING_VERSION = 1.0;
				PRODUCT_BUNDLE_IDENTIFIER = "de.kaffeepos.KaffeePOS-iOS";
				PRODUCT_NAME = "$(TARGET_NAME)";
				SUPPORTED_PLATFORMS = "iphoneos iphonesimulator";
				SUPPORTS_MACCATALYST = NO;
				SUPPORTS_MAC_DESIGNED_FOR_IPHONE_IPAD = YES;
				SWIFT_EMIT_LOC_STRINGS = YES;
				SWIFT_VERSION = 5.0;
				TARGETED_DEVICE_FAMILY = 2;
			};
			name = Release;
		};
		5876B1B129E2DD8600F3481D /* Debug */ = {
			isa = XCBuildConfiguration;
			buildSettings = {
				ALWAYS_EMBED_SWIFT_STANDARD_LIBRARIES = YES;
				BUNDLE_LOADER = "$(TEST_HOST)";
				CODE_SIGN_STYLE = Automatic;
				CURRENT_PROJECT_VERSION = 1;
				DEVELOPMENT_TEAM = J829HHBMPW;
				GENERATE_INFOPLIST_FILE = YES;
				IPHONEOS_DEPLOYMENT_TARGET = 16.4;
				MARKETING_VERSION = 1.0;
				PRODUCT_BUNDLE_IDENTIFIER = "de.kaffeepos.KaffeePOS-iOSTests";
				PRODUCT_NAME = "$(TARGET_NAME)";
				SWIFT_EMIT_LOC_STRINGS = NO;
				SWIFT_VERSION = 5.0;
				TARGETED_DEVICE_FAMILY = "1,2";
				TEST_HOST = "$(BUILT_PRODUCTS_DIR)/KaffeePOS-iOS.app/$(BUNDLE_EXECUTABLE_FOLDER_PATH)/KaffeePOS-iOS";
			};
			name = Debug;
		};
		5876B1B229E2DD8600F3481D /* Release */ = {
			isa = XCBuildConfiguration;
			buildSettings = {
				ALWAYS_EMBED_SWIFT_STANDARD_LIBRARIES = YES;
				BUNDLE_LOADER = "$(TEST_HOST)";
				CODE_SIGN_STYLE = Automatic;
				CURRENT_PROJECT_VERSION = 1;
				DEVELOPMENT_TEAM = J829HHBMPW;
				GENERATE_INFOPLIST_FILE = YES;
				IPHONEOS_DEPLOYMENT_TARGET = 16.4;
				MARKETING_VERSION = 1.0;
				PRODUCT_BUNDLE_IDENTIFIER = "de.kaffeepos.KaffeePOS-iOSTests";
				PRODUCT_NAME = "$(TARGET_NAME)";
				SWIFT_EMIT_LOC_STRINGS = NO;
				SWIFT_VERSION = 5.0;
				TARGETED_DEVICE_FAMILY = "1,2";
				TEST_HOST = "$(BUILT_PRODUCTS_DIR)/KaffeePOS-iOS.app/$(BUNDLE_EXECUTABLE_FOLDER_PATH)/KaffeePOS-iOS";
			};
			name = Release;
		};
		5876B1B429E2DD8600F3481D /* Debug */ = {
			isa = XCBuildConfiguration;
			buildSettings = {
				ALWAYS_EMBED_SWIFT_STANDARD_LIBRARIES = YES;
				CODE_SIGN_STYLE = Automatic;
				CURRENT_PROJECT_VERSION = 1;
				DEVELOPMENT_TEAM = J829HHBMPW;
				GENERATE_INFOPLIST_FILE = YES;
				MARKETING_VERSION = 1.0;
				PRODUCT_BUNDLE_IDENTIFIER = "de.kaffeepos.KaffeePOS-iOSUITests";
				PRODUCT_NAME = "$(TARGET_NAME)";
				SWIFT_EMIT_LOC_STRINGS = NO;
				SWIFT_VERSION = 5.0;
				TARGETED_DEVICE_FAMILY = "1,2";
				TEST_TARGET_NAME = "KaffeePOS-iOS";
			};
			name = Debug;
		};
		5876B1B529E2DD8600F3481D /* Release */ = {
			isa = XCBuildConfiguration;
			buildSettings = {
				ALWAYS_EMBED_SWIFT_STANDARD_LIBRARIES = YES;
				CODE_SIGN_STYLE = Automatic;
				CURRENT_PROJECT_VERSION = 1;
				DEVELOPMENT_TEAM = J829HHBMPW;
				GENERATE_INFOPLIST_FILE = YES;
				MARKETING_VERSION = 1.0;
				PRODUCT_BUNDLE_IDENTIFIER = "de.kaffeepos.KaffeePOS-iOSUITests";
				PRODUCT_NAME = "$(TARGET_NAME)";
				SWIFT_EMIT_LOC_STRINGS = NO;
				SWIFT_VERSION = 5.0;
				TARGETED_DEVICE_FAMILY = "1,2";
				TEST_TARGET_NAME = "KaffeePOS-iOS";
			};
			name = Release;
		};
/* End XCBuildConfiguration section */

/* Begin XCConfigurationList section */
		5876B17F29E2DD8500F3481D /* Build configuration list for PBXProject "KaffeePOS-iOS" */ = {
			isa = XCConfigurationList;
			buildConfigurations = (
				5876B1AB29E2DD8600F3481D /* Debug */,
				5876B1AC29E2DD8600F3481D /* Release */,
			);
			defaultConfigurationIsVisible = 0;
			defaultConfigurationName = Release;
		};
		5876B1AD29E2DD8600F3481D /* Build configuration list for PBXNativeTarget "KaffeePOS-iOS" */ = {
			isa = XCConfigurationList;
			buildConfigurations = (
				5876B1AE29E2DD8600F3481D /* Debug */,
				5876B1AF29E2DD8600F3481D /* Release */,
			);
			defaultConfigurationIsVisible = 0;
			defaultConfigurationName = Release;
		};
		5876B1B029E2DD8600F3481D /* Build configuration list for PBXNativeTarget "KaffeePOS-iOSTests" */ = {
			isa = XCConfigurationList;
			buildConfigurations = (
				5876B1B129E2DD8600F3481D /* Debug */,
				5876B1B229E2DD8600F3481D /* Release */,
			);
			defaultConfigurationIsVisible = 0;
			defaultConfigurationName = Release;
		};
		5876B1B329E2DD8600F3481D /* Build configuration list for PBXNativeTarget "KaffeePOS-iOSUITests" */ = {
			isa = XCConfigurationList;
			buildConfigurations = (
				5876B1B429E2DD8600F3481D /* Debug */,
				5876B1B529E2DD8600F3481D /* Release */,
			);
			defaultConfigurationIsVisible = 0;
			defaultConfigurationName = Release;
		};
/* End XCConfigurationList section */

/* Begin XCVersionGroup section */
		5876B19229E2DD8500F3481D /* KaffeePOS_iOS.xcdatamodeld */ = {
			isa = XCVersionGroup;
			children = (
				5876B19329E2DD8500F3481D /* KaffeePOS_iOS.xcdatamodel */,
			);
			currentVersion = 5876B19329E2DD8500F3481D /* KaffeePOS_iOS.xcdatamodel */;
			path = KaffeePOS_iOS.xcdatamodeld;
			sourceTree = "<group>";
			versionGroupType = wrapper.xcdatamodel;
		};
/* End XCVersionGroup section */
	};
	rootObject = 5876B17C29E2DD8500F3481D /* Project object */;
}
